
Microsoft Visual Studio Solution File, Format Version 12.00
# Visual Studio Version 17
VisualStudioVersion = 17.11.35222.181
MinimumVisualStudioVersion = 10.0.40219.1
Project("{FAE04EC0-301F-11D3-BF4B-00C04F79EFBC}") = "DevsPark", "DevsPark\DevsPark.csproj", "{8BC28FDF-A36D-4AF4-AB22-35ADBDA876B7}"
EndProject
Global
	GlobalSection(SolutionConfigurationPlatforms) = preSolution
		Debug|Any CPU = Debug|Any CPU
		Release|Any CPU = Release|Any CPU
	EndGlobalSection
	GlobalSection(ProjectConfigurationPlatforms) = postSolution
		{8BC28FDF-A36D-4AF4-AB22-35ADBDA876B7}.Debug|Any CPU.ActiveCfg = Debug|Any CPU
		{8BC28FDF-A36D-4AF4-AB22-35ADBDA876B7}.Debug|Any CPU.Build.0 = Debug|Any CPU
		{8BC28FDF-A36D-4AF4-AB22-35ADBDA876B7}.Debug|Any CPU.Deploy.0 = Debug|Any CPU
		{8BC28FDF-A36D-4AF4-AB22-35ADBDA876B7}.Release|Any CPU.ActiveCfg = Release|Any CPU
		{8BC28FDF-A36D-4AF4-AB22-35ADBDA876B7}.Release|Any CPU.Build.0 = Release|Any CPU
		{8BC28FDF-A36D-4AF4-AB22-35ADBDA876B7}.Release|Any CPU.Deploy.0 = Release|Any CPU
	EndGlobalSection
	GlobalSection(SolutionProperties) = preSolution
		HideSolutionNode = FALSE
	EndGlobalSection
	GlobalSection(ExtensibilityGlobals) = postSolution
		SolutionGuid = {5B593F31-01BA-486B-AD73-D0D3511DC119}
	EndGlobalSection
EndGlobal
